
Microsoft Visual Studio Solution File, Format Version 12.00
# Visual Studio Version 17
VisualStudioVersion = 17.5.33530.505
MinimumVisualStudioVersion = 10.0.40219.1
Project("{FAE04EC0-301F-11D3-BF4B-00C04F79EFBC}") = "TextFileToUi", "TextFileToUi.csproj", "{F7864EA0-28E0-4FEB-A7A4-5E7A05598647}"
EndProject
Global
	GlobalSection(SolutionConfigurationPlatforms) = preSolution
		Debug|Any CPU = Debug|Any CPU
		Release|Any CPU = Release|Any CPU
	EndGlobalSection
	GlobalSection(ProjectConfigurationPlatforms) = postSolution
		{F7864EA0-28E0-4FEB-A7A4-5E7A05598647}.Debug|Any CPU.ActiveCfg = Debug|Any CPU
		{F7864EA0-28E0-4FEB-A7A4-5E7A05598647}.Debug|Any CPU.Build.0 = Debug|Any CPU
		{F7864EA0-28E0-4FEB-A7A4-5E7A05598647}.Release|Any CPU.ActiveCfg = Release|Any CPU
		{F7864EA0-28E0-4FEB-A7A4-5E7A05598647}.Release|Any CPU.Build.0 = Release|Any CPU
	EndGlobalSection
	GlobalSection(SolutionProperties) = preSolution
		HideSolutionNode = FALSE
	EndGlobalSection
	GlobalSection(ExtensibilityGlobals) = postSolution
		SolutionGuid = {0AFD2729-BF1B-4912-9839-F9397B61822E}
	EndGlobalSection
EndGlobal
